
Microsoft Visual Studio Solution File, Format Version 12.00
# Visual Studio Version 17
VisualStudioVersion = 17.11.35222.181
MinimumVisualStudioVersion = 10.0.40219.1
Project("{FAE04EC0-301F-11D3-BF4B-00C04F79EFBC}") = "Automation_Incubation", "Automation_Incubation.csproj", "{CA75EF17-3039-4F81-91C5-E962FC2F5587}"
EndProject
Global
	GlobalSection(SolutionConfigurationPlatforms) = preSolution
		Debug|Any CPU = Debug|Any CPU
		Release|Any CPU = Release|Any CPU
	EndGlobalSection
	GlobalSection(ProjectConfigurationPlatforms) = postSolution
		{CA75EF17-3039-4F81-91C5-E962FC2F5587}.Debug|Any CPU.ActiveCfg = Debug|Any CPU
		{CA75EF17-3039-4F81-91C5-E962FC2F5587}.Debug|Any CPU.Build.0 = Debug|Any CPU
		{CA75EF17-3039-4F81-91C5-E962FC2F5587}.Release|Any CPU.ActiveCfg = Release|Any CPU
		{CA75EF17-3039-4F81-91C5-E962FC2F5587}.Release|Any CPU.Build.0 = Release|Any CPU
	EndGlobalSection
	GlobalSection(SolutionProperties) = preSolution
		HideSolutionNode = FALSE
	EndGlobalSection
	GlobalSection(ExtensibilityGlobals) = postSolution
		SolutionGuid = {9444A405-F43F-4D32-96A0-DA791935BBE0}
	EndGlobalSection
EndGlobal
